
Microsoft Visual Studio Solution File, Format Version 12.00
# Visual Studio 2012
Project("{FAE04EC0-301F-11D3-BF4B-00C04F79EFBC}") = "Core", "Core\Core.csproj", "{039BBFB1-F8EB-49C7-ABCF-701D62183FF9}"
EndProject
Project("{FAE04EC0-301F-11D3-BF4B-00C04F79EFBC}") = "Core.UnitTests", "Core.UnitTests\Core.UnitTests.csproj", "{CD8DF042-2878-460F-9E72-B2F0E0DAD084}"
EndProject
Project("{2150E333-8FDC-42A3-9474-1A3956D46DE8}") = ".nuget", ".nuget", "{96EBA338-8426-4F28-A275-7C587C731913}"
	ProjectSection(SolutionItems) = preProject
		.nuget\NuGet.Config = .nuget\NuGet.Config
		.nuget\NuGet.exe = .nuget\NuGet.exe
		.nuget\NuGet.targets = .nuget\NuGet.targets
	EndProjectSection
EndProject
Project("{FAE04EC0-301F-11D3-BF4B-00C04F79EFBC}") = "NuPattern", "Source\NuPattern.csproj", "{073A74CD-380C-4C3C-8D73-3D08EFEC9700}"
EndProject
Project("{2150E333-8FDC-42A3-9474-1A3956D46DE8}") = "Solution Items", "Solution Items", "{79CB5651-B6A8-44D9-A201-E2F2C15E11D1}"
	ProjectSection(SolutionItems) = preProject
		NuPattern.Core.vssettings = NuPattern.Core.vssettings
		Solution Items\NuPattern.key = Solution Items\NuPattern.key
		Solution Items\NuPattern.snk = Solution Items\NuPattern.snk
	EndProjectSection
EndProject
Project("{FAE04EC0-301F-11D3-BF4B-00C04F79EFBC}") = "NuPattern.UnitTests", "UnitTests\NuPattern.UnitTests.csproj", "{7FA8D5A9-C991-4B78-AC92-A64AFBD81A5F}"
EndProject
Global
	GlobalSection(SolutionConfigurationPlatforms) = preSolution
		Debug|Any CPU = Debug|Any CPU
		Release|Any CPU = Release|Any CPU
	EndGlobalSection
	GlobalSection(ProjectConfigurationPlatforms) = postSolution
		{039BBFB1-F8EB-49C7-ABCF-701D62183FF9}.Debug|Any CPU.ActiveCfg = Debug|Any CPU
		{039BBFB1-F8EB-49C7-ABCF-701D62183FF9}.Debug|Any CPU.Build.0 = Debug|Any CPU
		{039BBFB1-F8EB-49C7-ABCF-701D62183FF9}.Release|Any CPU.ActiveCfg = Release|Any CPU
		{039BBFB1-F8EB-49C7-ABCF-701D62183FF9}.Release|Any CPU.Build.0 = Release|Any CPU
		{CD8DF042-2878-460F-9E72-B2F0E0DAD084}.Debug|Any CPU.ActiveCfg = Debug|Any CPU
		{CD8DF042-2878-460F-9E72-B2F0E0DAD084}.Debug|Any CPU.Build.0 = Debug|Any CPU
		{CD8DF042-2878-460F-9E72-B2F0E0DAD084}.Release|Any CPU.ActiveCfg = Release|Any CPU
		{CD8DF042-2878-460F-9E72-B2F0E0DAD084}.Release|Any CPU.Build.0 = Release|Any CPU
		{073A74CD-380C-4C3C-8D73-3D08EFEC9700}.Debug|Any CPU.ActiveCfg = Debug|Any CPU
		{073A74CD-380C-4C3C-8D73-3D08EFEC9700}.Debug|Any CPU.Build.0 = Debug|Any CPU
		{073A74CD-380C-4C3C-8D73-3D08EFEC9700}.Release|Any CPU.ActiveCfg = Release|Any CPU
		{073A74CD-380C-4C3C-8D73-3D08EFEC9700}.Release|Any CPU.Build.0 = Release|Any CPU
		{7FA8D5A9-C991-4B78-AC92-A64AFBD81A5F}.Debug|Any CPU.ActiveCfg = Debug|Any CPU
		{7FA8D5A9-C991-4B78-AC92-A64AFBD81A5F}.Debug|Any CPU.Build.0 = Debug|Any CPU
		{7FA8D5A9-C991-4B78-AC92-A64AFBD81A5F}.Release|Any CPU.ActiveCfg = Release|Any CPU
		{7FA8D5A9-C991-4B78-AC92-A64AFBD81A5F}.Release|Any CPU.Build.0 = Release|Any CPU
	EndGlobalSection
	GlobalSection(SolutionProperties) = preSolution
		HideSolutionNode = FALSE
	EndGlobalSection
EndGlobal
